
Microsoft Visual Studio Solution File, Format Version 12.00
# Visual Studio Version 17
VisualStudioVersion = 17.3.32811.315
MinimumVisualStudioVersion = 10.0.40219.1
Project("{FAE04EC0-301F-11D3-BF4B-00C04F79EFBC}") = "LinkedListProgram", "LinkedListProgram.csproj", "{3E20F827-A3C7-41E8-B8D1-682C49AFF39A}"
EndProject
Global
	GlobalSection(SolutionConfigurationPlatforms) = preSolution
		Debug|Any CPU = Debug|Any CPU
		Release|Any CPU = Release|Any CPU
	EndGlobalSection
	GlobalSection(ProjectConfigurationPlatforms) = postSolution
		{3E20F827-A3C7-41E8-B8D1-682C49AFF39A}.Debug|Any CPU.ActiveCfg = Debug|Any CPU
		{3E20F827-A3C7-41E8-B8D1-682C49AFF39A}.Debug|Any CPU.Build.0 = Debug|Any CPU
		{3E20F827-A3C7-41E8-B8D1-682C49AFF39A}.Release|Any CPU.ActiveCfg = Release|Any CPU
		{3E20F827-A3C7-41E8-B8D1-682C49AFF39A}.Release|Any CPU.Build.0 = Release|Any CPU
	EndGlobalSection
	GlobalSection(SolutionProperties) = preSolution
		HideSolutionNode = FALSE
	EndGlobalSection
	GlobalSection(ExtensibilityGlobals) = postSolution
		SolutionGuid = {48C56427-8AB7-422B-87D1-115319C0B7E2}
	EndGlobalSection
EndGlobal
