
Microsoft Visual Studio Solution File, Format Version 12.00
# Visual Studio Version 17
VisualStudioVersion = 17.3.32811.315
MinimumVisualStudioVersion = 10.0.40219.1
Project("{FAE04EC0-301F-11D3-BF4B-00C04F79EFBC}") = "LinkedListProgram", "LinkedListProgram.csproj", "{DB1BD85D-AF47-476E-B3D5-EE1187E5C790}"
EndProject
Global
	GlobalSection(SolutionConfigurationPlatforms) = preSolution
		Debug|Any CPU = Debug|Any CPU
		Release|Any CPU = Release|Any CPU
	EndGlobalSection
	GlobalSection(ProjectConfigurationPlatforms) = postSolution
		{DB1BD85D-AF47-476E-B3D5-EE1187E5C790}.Debug|Any CPU.ActiveCfg = Debug|Any CPU
		{DB1BD85D-AF47-476E-B3D5-EE1187E5C790}.Debug|Any CPU.Build.0 = Debug|Any CPU
		{DB1BD85D-AF47-476E-B3D5-EE1187E5C790}.Release|Any CPU.ActiveCfg = Release|Any CPU
		{DB1BD85D-AF47-476E-B3D5-EE1187E5C790}.Release|Any CPU.Build.0 = Release|Any CPU
	EndGlobalSection
	GlobalSection(SolutionProperties) = preSolution
		HideSolutionNode = FALSE
	EndGlobalSection
	GlobalSection(ExtensibilityGlobals) = postSolution
		SolutionGuid = {A45A2A7D-1906-44B4-9421-9C9DC9BD7748}
	EndGlobalSection
EndGlobal
